
Microsoft Visual Studio Solution File, Format Version 12.00
# Visual Studio Version 17
VisualStudioVersion = 17.0.32014.148
MinimumVisualStudioVersion = 10.0.40219.1
Project("{9A19103F-16F7-4668-BE54-9A1E7A4F7556}") = "00_Repetition", "00_Repetition\00_Repetition.csproj", "{4E011A3D-C3EB-4DE1-B232-8650A446A110}"
EndProject
Project("{9A19103F-16F7-4668-BE54-9A1E7A4F7556}") = "01_WinForms_GUI", "01_WinForms_GUI\01_WinForms_GUI.csproj", "{C20E0082-CD00-4F0B-A888-39A4304B31BB}"
EndProject
Project("{9A19103F-16F7-4668-BE54-9A1E7A4F7556}") = "02_WPF_GUI", "02_WPF_GUI\02_WPF_GUI.csproj", "{C9483605-684A-4B78-963D-D5A149BC6666}"
EndProject
Project("{FAE04EC0-301F-11D3-BF4B-00C04F79EFBC}") = "03_UWP_GUI", "03_UWP_GUI\03_UWP_GUI.csproj", "{1BE071ED-F3FC-4FEB-8E64-B6C709FD8706}"
EndProject
Project("{FAE04EC0-301F-11D3-BF4B-00C04F79EFBC}") = "04_Console_NoGUI", "04_Console_NoGUI\04_Console_NoGUI.csproj", "{EECDA034-B558-4BCC-9B2A-8B8AFB7738A4}"
EndProject
Global
	GlobalSection(SolutionConfigurationPlatforms) = preSolution
		Debug|Any CPU = Debug|Any CPU
		Debug|ARM = Debug|ARM
		Debug|ARM64 = Debug|ARM64
		Debug|x64 = Debug|x64
		Debug|x86 = Debug|x86
		Release|Any CPU = Release|Any CPU
		Release|ARM = Release|ARM
		Release|ARM64 = Release|ARM64
		Release|x64 = Release|x64
		Release|x86 = Release|x86
	EndGlobalSection
	GlobalSection(ProjectConfigurationPlatforms) = postSolution
		{4E011A3D-C3EB-4DE1-B232-8650A446A110}.Debug|Any CPU.ActiveCfg = Debug|Any CPU
		{4E011A3D-C3EB-4DE1-B232-8650A446A110}.Debug|Any CPU.Build.0 = Debug|Any CPU
		{4E011A3D-C3EB-4DE1-B232-8650A446A110}.Debug|ARM.ActiveCfg = Debug|Any CPU
		{4E011A3D-C3EB-4DE1-B232-8650A446A110}.Debug|ARM.Build.0 = Debug|Any CPU
		{4E011A3D-C3EB-4DE1-B232-8650A446A110}.Debug|ARM64.ActiveCfg = Debug|Any CPU
		{4E011A3D-C3EB-4DE1-B232-8650A446A110}.Debug|ARM64.Build.0 = Debug|Any CPU
		{4E011A3D-C3EB-4DE1-B232-8650A446A110}.Debug|x64.ActiveCfg = Debug|Any CPU
		{4E011A3D-C3EB-4DE1-B232-8650A446A110}.Debug|x64.Build.0 = Debug|Any CPU
		{4E011A3D-C3EB-4DE1-B232-8650A446A110}.Debug|x86.ActiveCfg = Debug|Any CPU
		{4E011A3D-C3EB-4DE1-B232-8650A446A110}.Debug|x86.Build.0 = Debug|Any CPU
		{4E011A3D-C3EB-4DE1-B232-8650A446A110}.Release|Any CPU.ActiveCfg = Release|Any CPU
		{4E011A3D-C3EB-4DE1-B232-8650A446A110}.Release|Any CPU.Build.0 = Release|Any CPU
		{4E011A3D-C3EB-4DE1-B232-8650A446A110}.Release|ARM.ActiveCfg = Release|Any CPU
		{4E011A3D-C3EB-4DE1-B232-8650A446A110}.Release|ARM.Build.0 = Release|Any CPU
		{4E011A3D-C3EB-4DE1-B232-8650A446A110}.Release|ARM64.ActiveCfg = Release|Any CPU
		{4E011A3D-C3EB-4DE1-B232-8650A446A110}.Release|ARM64.Build.0 = Release|Any CPU
		{4E011A3D-C3EB-4DE1-B232-8650A446A110}.Release|x64.ActiveCfg = Release|Any CPU
		{4E011A3D-C3EB-4DE1-B232-8650A446A110}.Release|x64.Build.0 = Release|Any CPU
		{4E011A3D-C3EB-4DE1-B232-8650A446A110}.Release|x86.ActiveCfg = Release|Any CPU
		{4E011A3D-C3EB-4DE1-B232-8650A446A110}.Release|x86.Build.0 = Release|Any CPU
		{C20E0082-CD00-4F0B-A888-39A4304B31BB}.Debug|Any CPU.ActiveCfg = Debug|Any CPU
		{C20E0082-CD00-4F0B-A888-39A4304B31BB}.Debug|Any CPU.Build.0 = Debug|Any CPU
		{C20E0082-CD00-4F0B-A888-39A4304B31BB}.Debug|ARM.ActiveCfg = Debug|Any CPU
		{C20E0082-CD00-4F0B-A888-39A4304B31BB}.Debug|ARM.Build.0 = Debug|Any CPU
		{C20E0082-CD00-4F0B-A888-39A4304B31BB}.Debug|ARM64.ActiveCfg = Debug|Any CPU
		{C20E0082-CD00-4F0B-A888-39A4304B31BB}.Debug|ARM64.Build.0 = Debug|Any CPU
		{C20E0082-CD00-4F0B-A888-39A4304B31BB}.Debug|x64.ActiveCfg = Debug|Any CPU
		{C20E0082-CD00-4F0B-A888-39A4304B31BB}.Debug|x64.Build.0 = Debug|Any CPU
		{C20E0082-CD00-4F0B-A888-39A4304B31BB}.Debug|x86.ActiveCfg = Debug|Any CPU
		{C20E0082-CD00-4F0B-A888-39A4304B31BB}.Debug|x86.Build.0 = Debug|Any CPU
		{C20E0082-CD00-4F0B-A888-39A4304B31BB}.Release|Any CPU.ActiveCfg = Release|Any CPU
		{C20E0082-CD00-4F0B-A888-39A4304B31BB}.Release|Any CPU.Build.0 = Release|Any CPU
		{C20E0082-CD00-4F0B-A888-39A4304B31BB}.Release|ARM.ActiveCfg = Release|Any CPU
		{C20E0082-CD00-4F0B-A888-39A4304B31BB}.Release|ARM.Build.0 = Release|Any CPU
		{C20E0082-CD00-4F0B-A888-39A4304B31BB}.Release|ARM64.ActiveCfg = Release|Any CPU
		{C20E0082-CD00-4F0B-A888-39A4304B31BB}.Release|ARM64.Build.0 = Release|Any CPU
		{C20E0082-CD00-4F0B-A888-39A4304B31BB}.Release|x64.ActiveCfg = Release|Any CPU
		{C20E0082-CD00-4F0B-A888-39A4304B31BB}.Release|x64.Build.0 = Release|Any CPU
		{C20E0082-CD00-4F0B-A888-39A4304B31BB}.Release|x86.ActiveCfg = Release|Any CPU
		{C20E0082-CD00-4F0B-A888-39A4304B31BB}.Release|x86.Build.0 = Release|Any CPU
		{C9483605-684A-4B78-963D-D5A149BC6666}.Debug|Any CPU.ActiveCfg = Debug|Any CPU
		{C9483605-684A-4B78-963D-D5A149BC6666}.Debug|Any CPU.Build.0 = Debug|Any CPU
		{C9483605-684A-4B78-963D-D5A149BC6666}.Debug|ARM.ActiveCfg = Debug|Any CPU
		{C9483605-684A-4B78-963D-D5A149BC6666}.Debug|ARM.Build.0 = Debug|Any CPU
		{C9483605-684A-4B78-963D-D5A149BC6666}.Debug|ARM64.ActiveCfg = Debug|Any CPU
		{C9483605-684A-4B78-963D-D5A149BC6666}.Debug|ARM64.Build.0 = Debug|Any CPU
		{C9483605-684A-4B78-963D-D5A149BC6666}.Debug|x64.ActiveCfg = Debug|Any CPU
		{C9483605-684A-4B78-963D-D5A149BC6666}.Debug|x64.Build.0 = Debug|Any CPU
		{C9483605-684A-4B78-963D-D5A149BC6666}.Debug|x86.ActiveCfg = Debug|Any CPU
		{C9483605-684A-4B78-963D-D5A149BC6666}.Debug|x86.Build.0 = Debug|Any CPU
		{C9483605-684A-4B78-963D-D5A149BC6666}.Release|Any CPU.ActiveCfg = Release|Any CPU
		{C9483605-684A-4B78-963D-D5A149BC6666}.Release|Any CPU.Build.0 = Release|Any CPU
		{C9483605-684A-4B78-963D-D5A149BC6666}.Release|ARM.ActiveCfg = Release|Any CPU
		{C9483605-684A-4B78-963D-D5A149BC6666}.Release|ARM.Build.0 = Release|Any CPU
		{C9483605-684A-4B78-963D-D5A149BC6666}.Release|ARM64.ActiveCfg = Release|Any CPU
		{C9483605-684A-4B78-963D-D5A149BC6666}.Release|ARM64.Build.0 = Release|Any CPU
		{C9483605-684A-4B78-963D-D5A149BC6666}.Release|x64.ActiveCfg = Release|Any CPU
		{C9483605-684A-4B78-963D-D5A149BC6666}.Release|x64.Build.0 = Release|Any CPU
		{C9483605-684A-4B78-963D-D5A149BC6666}.Release|x86.ActiveCfg = Release|Any CPU
		{C9483605-684A-4B78-963D-D5A149BC6666}.Release|x86.Build.0 = Release|Any CPU
		{1BE071ED-F3FC-4FEB-8E64-B6C709FD8706}.Debug|Any CPU.ActiveCfg = Debug|x64
		{1BE071ED-F3FC-4FEB-8E64-B6C709FD8706}.Debug|Any CPU.Build.0 = Debug|x64
		{1BE071ED-F3FC-4FEB-8E64-B6C709FD8706}.Debug|Any CPU.Deploy.0 = Debug|x64
		{1BE071ED-F3FC-4FEB-8E64-B6C709FD8706}.Debug|ARM.ActiveCfg = Debug|ARM
		{1BE071ED-F3FC-4FEB-8E64-B6C709FD8706}.Debug|ARM.Build.0 = Debug|ARM
		{1BE071ED-F3FC-4FEB-8E64-B6C709FD8706}.Debug|ARM.Deploy.0 = Debug|ARM
		{1BE071ED-F3FC-4FEB-8E64-B6C709FD8706}.Debug|ARM64.ActiveCfg = Debug|ARM64
		{1BE071ED-F3FC-4FEB-8E64-B6C709FD8706}.Debug|ARM64.Build.0 = Debug|ARM64
		{1BE071ED-F3FC-4FEB-8E64-B6C709FD8706}.Debug|ARM64.Deploy.0 = Debug|ARM64
		{1BE071ED-F3FC-4FEB-8E64-B6C709FD8706}.Debug|x64.ActiveCfg = Debug|x64
		{1BE071ED-F3FC-4FEB-8E64-B6C709FD8706}.Debug|x64.Build.0 = Debug|x64
		{1BE071ED-F3FC-4FEB-8E64-B6C709FD8706}.Debug|x64.Deploy.0 = Debug|x64
		{1BE071ED-F3FC-4FEB-8E64-B6C709FD8706}.Debug|x86.ActiveCfg = Debug|x86
		{1BE071ED-F3FC-4FEB-8E64-B6C709FD8706}.Debug|x86.Build.0 = Debug|x86
		{1BE071ED-F3FC-4FEB-8E64-B6C709FD8706}.Debug|x86.Deploy.0 = Debug|x86
		{1BE071ED-F3FC-4FEB-8E64-B6C709FD8706}.Release|Any CPU.ActiveCfg = Release|x64
		{1BE071ED-F3FC-4FEB-8E64-B6C709FD8706}.Release|Any CPU.Build.0 = Release|x64
		{1BE071ED-F3FC-4FEB-8E64-B6C709FD8706}.Release|Any CPU.Deploy.0 = Release|x64
		{1BE071ED-F3FC-4FEB-8E64-B6C709FD8706}.Release|ARM.ActiveCfg = Release|ARM
		{1BE071ED-F3FC-4FEB-8E64-B6C709FD8706}.Release|ARM.Build.0 = Release|ARM
		{1BE071ED-F3FC-4FEB-8E64-B6C709FD8706}.Release|ARM.Deploy.0 = Release|ARM
		{1BE071ED-F3FC-4FEB-8E64-B6C709FD8706}.Release|ARM64.ActiveCfg = Release|ARM64
		{1BE071ED-F3FC-4FEB-8E64-B6C709FD8706}.Release|ARM64.Build.0 = Release|ARM64
		{1BE071ED-F3FC-4FEB-8E64-B6C709FD8706}.Release|ARM64.Deploy.0 = Release|ARM64
		{1BE071ED-F3FC-4FEB-8E64-B6C709FD8706}.Release|x64.ActiveCfg = Release|x64
		{1BE071ED-F3FC-4FEB-8E64-B6C709FD8706}.Release|x64.Build.0 = Release|x64
		{1BE071ED-F3FC-4FEB-8E64-B6C709FD8706}.Release|x64.Deploy.0 = Release|x64
		{1BE071ED-F3FC-4FEB-8E64-B6C709FD8706}.Release|x86.ActiveCfg = Release|x86
		{1BE071ED-F3FC-4FEB-8E64-B6C709FD8706}.Release|x86.Build.0 = Release|x86
		{1BE071ED-F3FC-4FEB-8E64-B6C709FD8706}.Release|x86.Deploy.0 = Release|x86
		{EECDA034-B558-4BCC-9B2A-8B8AFB7738A4}.Debug|Any CPU.ActiveCfg = Debug|Any CPU
		{EECDA034-B558-4BCC-9B2A-8B8AFB7738A4}.Debug|Any CPU.Build.0 = Debug|Any CPU
		{EECDA034-B558-4BCC-9B2A-8B8AFB7738A4}.Debug|ARM.ActiveCfg = Debug|Any CPU
		{EECDA034-B558-4BCC-9B2A-8B8AFB7738A4}.Debug|ARM.Build.0 = Debug|Any CPU
		{EECDA034-B558-4BCC-9B2A-8B8AFB7738A4}.Debug|ARM64.ActiveCfg = Debug|Any CPU
		{EECDA034-B558-4BCC-9B2A-8B8AFB7738A4}.Debug|ARM64.Build.0 = Debug|Any CPU
		{EECDA034-B558-4BCC-9B2A-8B8AFB7738A4}.Debug|x64.ActiveCfg = Debug|Any CPU
		{EECDA034-B558-4BCC-9B2A-8B8AFB7738A4}.Debug|x64.Build.0 = Debug|Any CPU
		{EECDA034-B558-4BCC-9B2A-8B8AFB7738A4}.Debug|x86.ActiveCfg = Debug|Any CPU
		{EECDA034-B558-4BCC-9B2A-8B8AFB7738A4}.Debug|x86.Build.0 = Debug|Any CPU
		{EECDA034-B558-4BCC-9B2A-8B8AFB7738A4}.Release|Any CPU.ActiveCfg = Release|Any CPU
		{EECDA034-B558-4BCC-9B2A-8B8AFB7738A4}.Release|Any CPU.Build.0 = Release|Any CPU
		{EECDA034-B558-4BCC-9B2A-8B8AFB7738A4}.Release|ARM.ActiveCfg = Release|Any CPU
		{EECDA034-B558-4BCC-9B2A-8B8AFB7738A4}.Release|ARM.Build.0 = Release|Any CPU
		{EECDA034-B558-4BCC-9B2A-8B8AFB7738A4}.Release|ARM64.ActiveCfg = Release|Any CPU
		{EECDA034-B558-4BCC-9B2A-8B8AFB7738A4}.Release|ARM64.Build.0 = Release|Any CPU
		{EECDA034-B558-4BCC-9B2A-8B8AFB7738A4}.Release|x64.ActiveCfg = Release|Any CPU
		{EECDA034-B558-4BCC-9B2A-8B8AFB7738A4}.Release|x64.Build.0 = Release|Any CPU
		{EECDA034-B558-4BCC-9B2A-8B8AFB7738A4}.Release|x86.ActiveCfg = Release|Any CPU
		{EECDA034-B558-4BCC-9B2A-8B8AFB7738A4}.Release|x86.Build.0 = Release|Any CPU
	EndGlobalSection
	GlobalSection(SolutionProperties) = preSolution
		HideSolutionNode = FALSE
	EndGlobalSection
	GlobalSection(ExtensibilityGlobals) = postSolution
		SolutionGuid = {846C78AC-BCB3-4AF2-B5DB-8079AD24E855}
	EndGlobalSection
EndGlobal
